
Microsoft Visual Studio Solution File, Format Version 12.00
# Visual Studio 15
VisualStudioVersion = 15.0.27428.2011
MinimumVisualStudioVersion = 10.0.40219.1
Project("{FAE04EC0-301F-11D3-BF4B-00C04F79EFBC}") = "Lab5_6_MovieTicket", "Lab5_6_MovieTicket\Lab5_6_MovieTicket.csproj", "{7C62ADDB-EB17-489E-BB01-CCB642638338}"
EndProject
Global
	GlobalSection(SolutionConfigurationPlatforms) = preSolution
		Debug|Any CPU = Debug|Any CPU
		Release|Any CPU = Release|Any CPU
	EndGlobalSection
	GlobalSection(ProjectConfigurationPlatforms) = postSolution
		{7C62ADDB-EB17-489E-BB01-CCB642638338}.Debug|Any CPU.ActiveCfg = Debug|Any CPU
		{7C62ADDB-EB17-489E-BB01-CCB642638338}.Debug|Any CPU.Build.0 = Debug|Any CPU
		{7C62ADDB-EB17-489E-BB01-CCB642638338}.Release|Any CPU.ActiveCfg = Release|Any CPU
		{7C62ADDB-EB17-489E-BB01-CCB642638338}.Release|Any CPU.Build.0 = Release|Any CPU
	EndGlobalSection
	GlobalSection(SolutionProperties) = preSolution
		HideSolutionNode = FALSE
	EndGlobalSection
	GlobalSection(ExtensibilityGlobals) = postSolution
		SolutionGuid = {7AAECAE4-717A-4A92-8423-BA4B44DE682D}
	EndGlobalSection
EndGlobal
