
Microsoft Visual Studio Solution File, Format Version 12.00
# Visual Studio 15
VisualStudioVersion = 15.0.27428.2011
MinimumVisualStudioVersion = 10.0.40219.1
Project("{FAE04EC0-301F-11D3-BF4B-00C04F79EFBC}") = "Lab7_2_Basic_Maths", "Lab7_2_Basic_Maths\Lab7_2_Basic_Maths.csproj", "{8D9BBA37-ACD8-4809-B671-6F5E812DF26E}"
EndProject
Global
	GlobalSection(SolutionConfigurationPlatforms) = preSolution
		Debug|Any CPU = Debug|Any CPU
		Release|Any CPU = Release|Any CPU
	EndGlobalSection
	GlobalSection(ProjectConfigurationPlatforms) = postSolution
		{8D9BBA37-ACD8-4809-B671-6F5E812DF26E}.Debug|Any CPU.ActiveCfg = Debug|Any CPU
		{8D9BBA37-ACD8-4809-B671-6F5E812DF26E}.Debug|Any CPU.Build.0 = Debug|Any CPU
		{8D9BBA37-ACD8-4809-B671-6F5E812DF26E}.Release|Any CPU.ActiveCfg = Release|Any CPU
		{8D9BBA37-ACD8-4809-B671-6F5E812DF26E}.Release|Any CPU.Build.0 = Release|Any CPU
	EndGlobalSection
	GlobalSection(SolutionProperties) = preSolution
		HideSolutionNode = FALSE
	EndGlobalSection
	GlobalSection(ExtensibilityGlobals) = postSolution
		SolutionGuid = {562CDCF7-1864-4624-A391-174165D2794C}
	EndGlobalSection
EndGlobal
