
Microsoft Visual Studio Solution File, Format Version 12.00
# Visual Studio 15
VisualStudioVersion = 15.0.27130.2027
MinimumVisualStudioVersion = 10.0.40219.1
Project("{FAE04EC0-301F-11D3-BF4B-00C04F79EFBC}") = "lab3_Windows", "lab3_Windows\lab3_Windows.csproj", "{5FBC7ED8-4B93-45AF-A6E2-795A55D55EA3}"
EndProject
Global
	GlobalSection(SolutionConfigurationPlatforms) = preSolution
		Debug|Any CPU = Debug|Any CPU
		Release|Any CPU = Release|Any CPU
	EndGlobalSection
	GlobalSection(ProjectConfigurationPlatforms) = postSolution
		{5FBC7ED8-4B93-45AF-A6E2-795A55D55EA3}.Debug|Any CPU.ActiveCfg = Debug|Any CPU
		{5FBC7ED8-4B93-45AF-A6E2-795A55D55EA3}.Debug|Any CPU.Build.0 = Debug|Any CPU
		{5FBC7ED8-4B93-45AF-A6E2-795A55D55EA3}.Release|Any CPU.ActiveCfg = Release|Any CPU
		{5FBC7ED8-4B93-45AF-A6E2-795A55D55EA3}.Release|Any CPU.Build.0 = Release|Any CPU
	EndGlobalSection
	GlobalSection(SolutionProperties) = preSolution
		HideSolutionNode = FALSE
	EndGlobalSection
	GlobalSection(ExtensibilityGlobals) = postSolution
		SolutionGuid = {1F20AA1A-651A-462E-8659-2AF317BD6365}
	EndGlobalSection
EndGlobal
