
Microsoft Visual Studio Solution File, Format Version 12.00
# Visual Studio 15
VisualStudioVersion = 15.0.27130.2027
MinimumVisualStudioVersion = 10.0.40219.1
Project("{FAE04EC0-301F-11D3-BF4B-00C04F79EFBC}") = "lab3_4_ticketnumber", "lab3_4_ticketnumber\lab3_4_ticketnumber.csproj", "{F600B188-7E77-42EE-9FA7-18CCA30CE653}"
EndProject
Global
	GlobalSection(SolutionConfigurationPlatforms) = preSolution
		Debug|Any CPU = Debug|Any CPU
		Release|Any CPU = Release|Any CPU
	EndGlobalSection
	GlobalSection(ProjectConfigurationPlatforms) = postSolution
		{F600B188-7E77-42EE-9FA7-18CCA30CE653}.Debug|Any CPU.ActiveCfg = Debug|Any CPU
		{F600B188-7E77-42EE-9FA7-18CCA30CE653}.Debug|Any CPU.Build.0 = Debug|Any CPU
		{F600B188-7E77-42EE-9FA7-18CCA30CE653}.Release|Any CPU.ActiveCfg = Release|Any CPU
		{F600B188-7E77-42EE-9FA7-18CCA30CE653}.Release|Any CPU.Build.0 = Release|Any CPU
	EndGlobalSection
	GlobalSection(SolutionProperties) = preSolution
		HideSolutionNode = FALSE
	EndGlobalSection
	GlobalSection(ExtensibilityGlobals) = postSolution
		SolutionGuid = {C7A90491-957B-4160-949D-A255BDE05BFE}
	EndGlobalSection
EndGlobal
