
Microsoft Visual Studio Solution File, Format Version 12.00
# Visual Studio 15
VisualStudioVersion = 15.0.27428.2011
MinimumVisualStudioVersion = 10.0.40219.1
Project("{FAE04EC0-301F-11D3-BF4B-00C04F79EFBC}") = "Lab8_1_ArrayDemo", "Lab8_1_ArrayDemo\Lab8_1_ArrayDemo.csproj", "{20729371-D08E-4CD7-B13B-D159966A9355}"
EndProject
Global
	GlobalSection(SolutionConfigurationPlatforms) = preSolution
		Debug|Any CPU = Debug|Any CPU
		Release|Any CPU = Release|Any CPU
	EndGlobalSection
	GlobalSection(ProjectConfigurationPlatforms) = postSolution
		{20729371-D08E-4CD7-B13B-D159966A9355}.Debug|Any CPU.ActiveCfg = Debug|Any CPU
		{20729371-D08E-4CD7-B13B-D159966A9355}.Debug|Any CPU.Build.0 = Debug|Any CPU
		{20729371-D08E-4CD7-B13B-D159966A9355}.Release|Any CPU.ActiveCfg = Release|Any CPU
		{20729371-D08E-4CD7-B13B-D159966A9355}.Release|Any CPU.Build.0 = Release|Any CPU
	EndGlobalSection
	GlobalSection(SolutionProperties) = preSolution
		HideSolutionNode = FALSE
	EndGlobalSection
	GlobalSection(ExtensibilityGlobals) = postSolution
		SolutionGuid = {CF2CDF61-ECF8-4150-BFAB-4879FAAE3E3A}
	EndGlobalSection
EndGlobal
