
Microsoft Visual Studio Solution File, Format Version 12.00
# Visual Studio 15
VisualStudioVersion = 15.0.27428.2011
MinimumVisualStudioVersion = 10.0.40219.1
Project("{FAE04EC0-301F-11D3-BF4B-00C04F79EFBC}") = "Lab5_2_9-Times-Table", "Lab5_2_9-Times-Table\Lab5_2_9-Times-Table.csproj", "{37A535D4-3075-46C1-AD93-7170CF74EB41}"
EndProject
Global
	GlobalSection(SolutionConfigurationPlatforms) = preSolution
		Debug|Any CPU = Debug|Any CPU
		Release|Any CPU = Release|Any CPU
	EndGlobalSection
	GlobalSection(ProjectConfigurationPlatforms) = postSolution
		{37A535D4-3075-46C1-AD93-7170CF74EB41}.Debug|Any CPU.ActiveCfg = Debug|Any CPU
		{37A535D4-3075-46C1-AD93-7170CF74EB41}.Debug|Any CPU.Build.0 = Debug|Any CPU
		{37A535D4-3075-46C1-AD93-7170CF74EB41}.Release|Any CPU.ActiveCfg = Release|Any CPU
		{37A535D4-3075-46C1-AD93-7170CF74EB41}.Release|Any CPU.Build.0 = Release|Any CPU
	EndGlobalSection
	GlobalSection(SolutionProperties) = preSolution
		HideSolutionNode = FALSE
	EndGlobalSection
	GlobalSection(ExtensibilityGlobals) = postSolution
		SolutionGuid = {BD58CED6-E059-48B0-9509-63E376EA45F9}
	EndGlobalSection
EndGlobal
